
Microsoft Visual Studio Solution File, Format Version 12.00
# Visual Studio Version 17
VisualStudioVersion = 17.3.32922.545
MinimumVisualStudioVersion = 10.0.40219.1
Project("{FAE04EC0-301F-11D3-BF4B-00C04F79EFBC}") = "DakotaBaldwin_fleetMaintenance_1042022", "DakotaBaldwin_fleetMaintenance_1042022\DakotaBaldwin_fleetMaintenance_1042022.csproj", "{EC5CC225-2B3D-4DEB-B0F2-132C2E3C99BF}"
EndProject
Global
	GlobalSection(SolutionConfigurationPlatforms) = preSolution
		Debug|Any CPU = Debug|Any CPU
		Release|Any CPU = Release|Any CPU
	EndGlobalSection
	GlobalSection(ProjectConfigurationPlatforms) = postSolution
		{EC5CC225-2B3D-4DEB-B0F2-132C2E3C99BF}.Debug|Any CPU.ActiveCfg = Debug|Any CPU
		{EC5CC225-2B3D-4DEB-B0F2-132C2E3C99BF}.Debug|Any CPU.Build.0 = Debug|Any CPU
		{EC5CC225-2B3D-4DEB-B0F2-132C2E3C99BF}.Release|Any CPU.ActiveCfg = Release|Any CPU
		{EC5CC225-2B3D-4DEB-B0F2-132C2E3C99BF}.Release|Any CPU.Build.0 = Release|Any CPU
	EndGlobalSection
	GlobalSection(SolutionProperties) = preSolution
		HideSolutionNode = FALSE
	EndGlobalSection
	GlobalSection(ExtensibilityGlobals) = postSolution
		SolutionGuid = {0B37A17B-4D77-49CF-826C-2BF9D268447D}
	EndGlobalSection
EndGlobal
